Microsoft Visual Studio Solution File, Format Version 11.00
# Visual Studio 2008

Project("{4F3D617C-B816-2023-47D6-3C3E9300313B}") = "twinStick", "Assembly-CSharp.csproj", "{10BEC12C-6AE5-DAC5-14C7-9E5F5B2750B6}"
EndProject
Global
	GlobalSection(SolutionConfigurationPlatforms) = preSolution
		Debug|Any CPU = Debug|Any CPU
		Release|Any CPU = Release|Any CPU
	EndGlobalSection
	GlobalSection(ProjectConfigurationPlatforms) = postSolution
		{10BEC12C-6AE5-DAC5-14C7-9E5F5B2750B6}.Debug|Any CPU.ActiveCfg = Debug|Any CPU
		{10BEC12C-6AE5-DAC5-14C7-9E5F5B2750B6}.Debug|Any CPU.Build.0 = Debug|Any CPU
		{10BEC12C-6AE5-DAC5-14C7-9E5F5B2750B6}.Release|Any CPU.ActiveCfg = Release|Any CPU
		{10BEC12C-6AE5-DAC5-14C7-9E5F5B2750B6}.Release|Any CPU.Build.0 = Release|Any CPU
	EndGlobalSection
	GlobalSection(SolutionProperties) = preSolution
		HideSolutionNode = FALSE
	EndGlobalSection
	GlobalSection(MonoDevelopProperties) = preSolution
		StartupItem = Assembly-CSharp.csproj
	EndGlobalSection
EndGlobal
